
Microsoft Visual Studio Solution File, Format Version 12.00
# Visual Studio Version 16
VisualStudioVersion = 16.0.30128.74
MinimumVisualStudioVersion = 10.0.40219.1
Project("{FAE04EC0-301F-11D3-BF4B-00C04F79EFBC}") = "RayPayServiceSample", "RayPayServiceSample\RayPayServiceSample.csproj", "{C329B2DD-2E43-4D67-9F83-155A5FAF1D60}"
EndProject
Global
	GlobalSection(SolutionConfigurationPlatforms) = preSolution
		Debug|Any CPU = Debug|Any CPU
		Release|Any CPU = Release|Any CPU
	EndGlobalSection
	GlobalSection(ProjectConfigurationPlatforms) = postSolution
		{C329B2DD-2E43-4D67-9F83-155A5FAF1D60}.Debug|Any CPU.ActiveCfg = Debug|Any CPU
		{C329B2DD-2E43-4D67-9F83-155A5FAF1D60}.Debug|Any CPU.Build.0 = Debug|Any CPU
		{C329B2DD-2E43-4D67-9F83-155A5FAF1D60}.Release|Any CPU.ActiveCfg = Release|Any CPU
		{C329B2DD-2E43-4D67-9F83-155A5FAF1D60}.Release|Any CPU.Build.0 = Release|Any CPU
	EndGlobalSection
	GlobalSection(SolutionProperties) = preSolution
		HideSolutionNode = FALSE
	EndGlobalSection
	GlobalSection(ExtensibilityGlobals) = postSolution
		SolutionGuid = {2297745C-E4D2-4950-BDAE-B7B0E2D7D862}
	EndGlobalSection
EndGlobal
